
Microsoft Visual Studio Solution File, Format Version 12.00
# Visual Studio Version 17
VisualStudioVersion = 17.13.35825.156 d17.13
MinimumVisualStudioVersion = 10.0.40219.1
Project("{FAE04EC0-301F-11D3-BF4B-00C04F79EFBC}") = "EComerceAPI", "EComerceAPI\EComerceAPI.csproj", "{51AF600D-726C-4F5C-84A8-9CC263578B31}"
EndProject
Global
	GlobalSection(SolutionConfigurationPlatforms) = preSolution
		Debug|Any CPU = Debug|Any CPU
		Release|Any CPU = Release|Any CPU
	EndGlobalSection
	GlobalSection(ProjectConfigurationPlatforms) = postSolution
		{51AF600D-726C-4F5C-84A8-9CC263578B31}.Debug|Any CPU.ActiveCfg = Debug|Any CPU
		{51AF600D-726C-4F5C-84A8-9CC263578B31}.Debug|Any CPU.Build.0 = Debug|Any CPU
		{51AF600D-726C-4F5C-84A8-9CC263578B31}.Release|Any CPU.ActiveCfg = Release|Any CPU
		{51AF600D-726C-4F5C-84A8-9CC263578B31}.Release|Any CPU.Build.0 = Release|Any CPU
	EndGlobalSection
	GlobalSection(SolutionProperties) = preSolution
		HideSolutionNode = FALSE
	EndGlobalSection
	GlobalSection(ExtensibilityGlobals) = postSolution
		SolutionGuid = {56C97BC7-9AB3-4A14-A2E4-D9092ACD0E28}
	EndGlobalSection
EndGlobal
